
Microsoft Visual Studio Solution File, Format Version 12.00
# Visual Studio Version 17
VisualStudioVersion = 17.8.34408.163
MinimumVisualStudioVersion = 10.0.40219.1
Project("{FAE04EC0-301F-11D3-BF4B-00C04F79EFBC}") = "Blasphemous.Modding.LevelEditor", "Blasphemous.Modding.LevelEditor\Blasphemous.Modding.LevelEditor.csproj", "{AA073E00-6244-4E30-8441-CAC30708A528}"
EndProject
Global
	GlobalSection(SolutionConfigurationPlatforms) = preSolution
		Debug|Any CPU = Debug|Any CPU
		Release|Any CPU = Release|Any CPU
	EndGlobalSection
	GlobalSection(ProjectConfigurationPlatforms) = postSolution
		{AA073E00-6244-4E30-8441-CAC30708A528}.Debug|Any CPU.ActiveCfg = Debug|Any CPU
		{AA073E00-6244-4E30-8441-CAC30708A528}.Debug|Any CPU.Build.0 = Debug|Any CPU
		{AA073E00-6244-4E30-8441-CAC30708A528}.Release|Any CPU.ActiveCfg = Release|Any CPU
		{AA073E00-6244-4E30-8441-CAC30708A528}.Release|Any CPU.Build.0 = Release|Any CPU
	EndGlobalSection
	GlobalSection(SolutionProperties) = preSolution
		HideSolutionNode = FALSE
	EndGlobalSection
	GlobalSection(ExtensibilityGlobals) = postSolution
		SolutionGuid = {C2C3091D-BC8C-43ED-AA27-E1C39E4DE8A8}
	EndGlobalSection
EndGlobal
